{
  "name": "split-strings",
  "version": "0.1.0",
  "lockfileVersion": 2,
  "requires": true,
  "packages": {
    "": {
      "name": "split-strings",
      "version": "0.1.0",
      "license": "ISC"
    },
    "node_modules/split-strings": {
      "version": "0.1.0",
      "resolved": "git+https://git@github.com/micmath/split-strings.git#c481207af7d3d237e1961fe3ccfa719bcedb683d",
      "license": "ISC"
    }
  },
  "dependencies": {
    "split-strings": {
      "version": "git+https://git@github.com/micmath/split-strings.git#c481207af7d3d237e1961fe3ccfa719bcedb683d",
      "from": "git+https://git@github.com/micmath/split-strings.git#c481207af7d3d237e1961fe3ccfa719bcedb683d"
    }
  }
}
